{
    "_meta": {
        "hash": {
            "sha256": "1acc7f8938edc0eb3b1fda711c9865a981a34d92b6441b4cc460f33ad41987c4"
        },
        "pipfile-spec": 6,
        "requires": {
            "python_version": "3.11"
        },
        "sources": [
            {
                "name": "pypi",
                "url": "https://pypi.org/simple",
                "verify_ssl": true
            }
        ]
    },
    "default": {
        "coverage": {
            "hashes": [
                "sha256:0322354757b47640535daabd2d56384ff3cad2896248fc84d328c5fad4922d5c",
                "sha256:053cdc47cae08257051d7e934a0de4d095b60eb8a3024fa9f1b2322fa1547137",
                "sha256:0815a09b32384e8ff00a5939ec9cd10efce8742347e019c2daca1a32f5ac2aae",
                "sha256:1791e5f74c5b52f76e83fe9f4bb9571cf76d40ee0c51952ee1e4ee935b7e98b9",
                "sha256:1ba5cc54baf3c322c4388de2a43cc95f7809366f0600e743e5aae8ea9d1038b2",
                "sha256:1e9e94f2612ee549a4b3ee79cbc61bceed77e69cf38cfa05858bae939a886d16",
                "sha256:22d8ef6865cb6834cab2b72fff20747a55c714b57b675f7e11c9624fe4f7cb45",
                "sha256:260854160083f8275a9d9d49a05ab0ffc7a1f08f2ccccbfaec94a18aae9f407c",
                "sha256:2904d7a0388911c61e7e3beefe48c29dfccaba938fc1158f63190101a21e04c2",
                "sha256:2b5936b624fbe711ed02dfd86edd678822e5ee68da02b6d231e5c01090b64590",
                "sha256:2b854f7985b48122b6fe346631e86d67b63293f8255cb59a93d79e3d9f1574e3",
                "sha256:2dfbee0bf0d633be3a2ab068f5a5731a70adf147d0ba17d9f9932b46c7c5782b",
                "sha256:2e59aef3fba5758059208c9eff10ae7ded3629e797972746ec33b56844f69411",
                "sha256:32dc010713455ac0fe2fddb0e48aa43875cc7eb7b09768df10bad8ce45f9c430",
                "sha256:34c0457e1ba450ae8b22dc8ea2fd36ada1010af61291e4c96963cd9d9633366f",
                "sha256:3d9201cfa5a98652b9cef36ab202f17fe3ea83f497b4ba2a8ed39399dfb8fcd4",
                "sha256:4665a714af31f160403c2e448fb2fef330719d2e04e836b08d60d612707c1041",
                "sha256:4e8267466662aff93d66fa72b9591d02122dfc8a729b0a43dd70e0fb07ed9b37",
                "sha256:55121fe140d7e42cb970999b93cf1c2b24484ce028b32bbd00238bb25c13e34a",
                "sha256:5caa9dd91dcc5f054350dc57a02e053d79633907b9ccffff999568d13dcd19f8",
                "sha256:6abc91f6f8b3cc0ae1034e2c03f38769fba1952ab70d0b26953aa01691265c39",
                "sha256:6c5554d55668381e131577f20e8f620d4882b04ad558f7e7f3f1f55b3124c379",
                "sha256:70c294bb15ba576fb96b580db35895bf03749d683df044212b74e938a7f6821f",
                "sha256:73bc6114aab7753ca784f87bcd3b7613bc797aa255b5bca45e5654070ae9acfb",
                "sha256:92f135d370fcd7a6fb9659fa2eb716dd2ca364719cbb1756f74d90a221bca1a7",
                "sha256:9cb88a3019ad042eaa69fc7639ef077793fedbf313e89207aa82fefe92c97ebd",
                "sha256:9dafdba3b2b9010abab08cb8c0dc6549bfca6e1630fe14d47b01dca00d39e694",
                "sha256:a63922765ee49d5b4c32afb2cd5516812c8665f3b78e64a0dd005bdfabf991b1",
                "sha256:a78a80d131c067d67d8a6f9bd3d3f7ea7eac82c1c7259f97d7ab73f723da9d55",
                "sha256:b75aff2c35ceaa299691e772f7bf7c8aeab25f46acea2be3dd04cccb914a9860",
                "sha256:b84076e3de192fba0f95e279ac017b64c7c6ecd4f09f36f13420f5bed898a9c7",
                "sha256:b8dfb5fed540f77e814bf4ec79619c241af6b4578fa1093c5e3389bbb7beab3f",
                "sha256:bc74b64bfa89e2f862ea45dd6ac1def371d7cc883b76680d20bdd61a6f3daa20",
                "sha256:bc9c77004970a364a1e5454cf7cb884e4277592b959c287689b2a0fd027ef552",
                "sha256:c027fbb83a8c78a6e06a0302ea1799fdb70e5cda9845a5e000545b8e2b47ea39",
                "sha256:c06046f54e719da21c79f98ecc0962581d1aee0b3798dc6b12b1217da8bf93f4",
                "sha256:c58921fcd9914b56444292e7546fe183d079db99528142c809549ddeaeacd8e9",
                "sha256:c82f34fafaf5bc05d222fcf84423d6e156432ca35ca78672d4affd0c09c6ef6c",
                "sha256:caf82db5b7f16b51ec32fe0bd2da0805b177c807aa8bfb478c7e6f893418c284",
                "sha256:cb8cfa3bf3a9f18211279458917fef5edeb5e1fdebe2ea8b11969ec2ebe48884",
                "sha256:d68f2f7bddb3acdd3b36ef7f334b9d14f30b93e094f808fbbd8d288b8f9e2f9b",
                "sha256:daf91db39324e9939a9db919ee4fb42a1a23634a056616dae891a030e89f87ba",
                "sha256:dcfbf8ffc046f20d75fd775a92c378f6fc7b9bded6c6f2ab88b6b9cb5805a184",
                "sha256:e44b60b0b49aa85d548d392a2dca2c6a581cd4084e72e9e16bd58bd86ec20816",
                "sha256:ea45f0dba5a993e93b158f1a9dcfff2770e3bcabf2b80dbe7aa15dce0bcb3bf3",
                "sha256:ee32a080bab779b71c4d09a3eb5254bfca43ee88828a683dab27dfe8f582516e",
                "sha256:efc200fa75d9634525b40babc7a16342bd21c101db1a58ef84dc14f4bf6ac0fd",
                "sha256:f092d9f2ddaa30235d33335fbdb61eb8f3657af519ef5f9dd6bdae65272def11",
                "sha256:f3d485e6ec6e09857bf2115ece572d666b7c498377d4c70e66bb06c63ed177c2",
                "sha256:f684d88eb4924ed0630cf488fd5606e334c6835594bb5fe36b50a509b10383ed",
                "sha256:f6c4ad409a0caf7e2e12e203348b1a9b19c514e7d078520973147bf2d3dcbc6f"
            ],
            "index": "pypi",
            "version": "==7.0.4"
        },
        "flake8": {
            "hashes": [
                "sha256:3833794e27ff64ea4e9cf5d410082a8b97ff1a06c16aa3d2027339cd0f1195c7",
                "sha256:c61007e76655af75e6785a931f452915b371dc48f56efd765247c8fe68f2b181"
            ],
            "index": "pypi",
            "version": "==6.0.0"
        },
        "lark": {
            "hashes": [
                "sha256:4b534eae1f9af5b4ea000bea95776350befe1981658eea3820a01c37e504bb4d",
                "sha256:8476f9903e93fbde4f6c327f74d79e9b4bd0ed9294c5dfa3164ab8c581b5de2a"
            ],
            "index": "pypi",
            "version": "==1.1.5"
        },
        "mccabe": {
            "hashes": [
                "sha256:348e0240c33b60bbdf4e523192ef919f28cb2c3d7d5c7794f74009290f236325",
                "sha256:6c2d30ab6be0e4a46919781807b4f0d834ebdd6c6e3dca0bda5a15f863427b6e"
            ],
            "markers": "python_version >= '3.6'",
            "version": "==0.7.0"
        },
        "pyclean": {
            "hashes": [
                "sha256:48f1801804fa2f04f2c64348da8bd61797fc9722e1120c470d5cc67a205843c7",
                "sha256:5f99597b76249b71b86d8e9aff1e69dfdc0b1976d14ce366e07b28dc6f7a8ee6"
            ],
            "index": "pypi",
            "version": "==2.2.0"
        },
        "pycodestyle": {
            "hashes": [
                "sha256:347187bdb476329d98f695c213d7295a846d1152ff4fe9bacb8a9590b8ee7053",
                "sha256:8a4eaf0d0495c7395bdab3589ac2db602797d76207242c17d470186815706610"
            ],
            "markers": "python_version >= '3.6'",
            "version": "==2.10.0"
        },
        "pyflakes": {
            "hashes": [
                "sha256:ec55bf7fe21fff7f1ad2f7da62363d749e2a470500eab1b555334b67aa1ef8cf",
                "sha256:ec8b276a6b60bd80defed25add7e439881c19e64850afd9b346283d4165fd0fd"
            ],
            "markers": "python_version >= '3.6'",
            "version": "==3.0.1"
        },
        "typing": {
            "hashes": [
                "sha256:1187fb9c82fd670d10aa07bbb6cfcfe4bdda42d6fab8d5134f04e8c4d0b71cc9",
                "sha256:283d868f5071ab9ad873e5e52268d611e851c870a2ba354193026f2dfb29d8b5"
            ],
            "index": "pypi",
            "version": "==3.7.4.3"
        }
    },
    "develop": {}
}
